
Microsoft Visual Studio Solution File, Format Version 12.00
# Visual Studio Version 17
VisualStudioVersion = 17.6.33815.320
MinimumVisualStudioVersion = 10.0.40219.1
Project("{FAE04EC0-301F-11D3-BF4B-00C04F79EFBC}") = "lab4ex4", "lab4ex4\lab4ex4.csproj", "{B182CBAE-D410-4C9F-B447-6A8B99AC1E22}"
EndProject
Global
	GlobalSection(SolutionConfigurationPlatforms) = preSolution
		Debug|Any CPU = Debug|Any CPU
		Release|Any CPU = Release|Any CPU
	EndGlobalSection
	GlobalSection(ProjectConfigurationPlatforms) = postSolution
		{B182CBAE-D410-4C9F-B447-6A8B99AC1E22}.Debug|Any CPU.ActiveCfg = Debug|Any CPU
		{B182CBAE-D410-4C9F-B447-6A8B99AC1E22}.Debug|Any CPU.Build.0 = Debug|Any CPU
		{B182CBAE-D410-4C9F-B447-6A8B99AC1E22}.Release|Any CPU.ActiveCfg = Release|Any CPU
		{B182CBAE-D410-4C9F-B447-6A8B99AC1E22}.Release|Any CPU.Build.0 = Release|Any CPU
	EndGlobalSection
	GlobalSection(SolutionProperties) = preSolution
		HideSolutionNode = FALSE
	EndGlobalSection
	GlobalSection(ExtensibilityGlobals) = postSolution
		SolutionGuid = {759EA83A-8DF1-4DDA-81E8-CFB1DBBF2327}
	EndGlobalSection
EndGlobal
